// !$*UTF8*$!
{
	archiveVersion = 1;
	classes = {
	};
	objectVersion = 56;
	objects = {

/* Begin PBXBuildFile section */
		B2B1481A2B806E9A00682783 /* KuchiApp.swift in Sources */ = {isa = PBXBuildFile; fileRef = B2B148192B806E9A00682783 /* KuchiApp.swift */; };
		B2B1481E2B806E9D00682783 /* Assets.xcassets in Resources */ = {isa = PBXBuildFile; fileRef = B2B1481D2B806E9D00682783 /* Assets.xcassets */; };
		B2B148212B806E9D00682783 /* Preview Assets.xcassets in Resources */ = {isa = PBXBuildFile; fileRef = B2B148202B806E9D00682783 /* Preview Assets.xcassets */; };
		B2B148292B806FF400682783 /* UserManager.swift in Sources */ = {isa = PBXBuildFile; fileRef = B2B148282B806FF400682783 /* UserManager.swift */; };
		B2B1482B2B80701100682783 /* Profile.swift in Sources */ = {isa = PBXBuildFile; fileRef = B2B1482A2B80701100682783 /* Profile.swift */; };
		B2B1482D2B80702A00682783 /* Settings.swift in Sources */ = {isa = PBXBuildFile; fileRef = B2B1482C2B80702A00682783 /* Settings.swift */; };
		B2C568142B8071FB0048FFF1 /* RegisterView.swift in Sources */ = {isa = PBXBuildFile; fileRef = B2C568132B8071FB0048FFF1 /* RegisterView.swift */; };
		B2C568162B8072230048FFF1 /* WelcomeView.swift in Sources */ = {isa = PBXBuildFile; fileRef = B2C568152B8072230048FFF1 /* WelcomeView.swift */; };
		B2C568182B80724D0048FFF1 /* HorizontallyAlignedLabelStyle.swift in Sources */ = {isa = PBXBuildFile; fileRef = B2C568172B80724D0048FFF1 /* HorizontallyAlignedLabelStyle.swift */; };
		B2C5681A2B8072720048FFF1 /* WelcomeMessageView.swift in Sources */ = {isa = PBXBuildFile; fileRef = B2C568192B8072720048FFF1 /* WelcomeMessageView.swift */; };
		B2C5681C2B8072990048FFF1 /* WelcomeBackgroundImage.swift in Sources */ = {isa = PBXBuildFile; fileRef = B2C5681B2B8072990048FFF1 /* WelcomeBackgroundImage.swift */; };
		B2C5681E2B8072B60048FFF1 /* LogoImage.swift in Sources */ = {isa = PBXBuildFile; fileRef = B2C5681D2B8072B60048FFF1 /* LogoImage.swift */; };
		B2C568202B8072CF0048FFF1 /* BorderedViewModifier.swift in Sources */ = {isa = PBXBuildFile; fileRef = B2C5681F2B8072CF0048FFF1 /* BorderedViewModifier.swift */; };
		B2C568222B80731C0048FFF1 /* HomeView.swift in Sources */ = {isa = PBXBuildFile; fileRef = B2C568212B80731C0048FFF1 /* HomeView.swift */; };
		B2C568242B8076070048FFF1 /* DashboardView.swift in Sources */ = {isa = PBXBuildFile; fileRef = B2C568232B8076070048FFF1 /* DashboardView.swift */; };
/* End PBXBuildFile section */

/* Begin PBXFileReference section */
		B2B148162B806E9A00682783 /* Kuchi.app */ = {isa = PBXFileReference; explicitFileType = wrapper.application; includeInIndex = 0; path = Kuchi.app; sourceTree = BUILT_PRODUCTS_DIR; };
		B2B148192B806E9A00682783 /* KuchiApp.swift */ = {isa = PBXFileReference; lastKnownFileType = sourcecode.swift; path = KuchiApp.swift; sourceTree = "<group>"; };
		B2B1481D2B806E9D00682783 /* Assets.xcassets */ = {isa = PBXFileReference; lastKnownFileType = folder.assetcatalog; path = Assets.xcassets; sourceTree = "<group>"; };
		B2B148202B806E9D00682783 /* Preview Assets.xcassets */ = {isa = PBXFileReference; lastKnownFileType = folder.assetcatalog; path = "Preview Assets.xcassets"; sourceTree = "<group>"; };
		B2B148282B806FF400682783 /* UserManager.swift */ = {isa = PBXFileReference; lastKnownFileType = sourcecode.swift; path = UserManager.swift; sourceTree = "<group>"; };
		B2B1482A2B80701100682783 /* Profile.swift */ = {isa = PBXFileReference; lastKnownFileType = sourcecode.swift; path = Profile.swift; sourceTree = "<group>"; };
		B2B1482C2B80702A00682783 /* Settings.swift */ = {isa = PBXFileReference; lastKnownFileType = sourcecode.swift; path = Settings.swift; sourceTree = "<group>"; };
		B2C568132B8071FB0048FFF1 /* RegisterView.swift */ = {isa = PBXFileReference; lastKnownFileType = sourcecode.swift; path = RegisterView.swift; sourceTree = "<group>"; };
		B2C568152B8072230048FFF1 /* WelcomeView.swift */ = {isa = PBXFileReference; lastKnownFileType = sourcecode.swift; path = WelcomeView.swift; sourceTree = "<group>"; };
		B2C568172B80724D0048FFF1 /* HorizontallyAlignedLabelStyle.swift */ = {isa = PBXFileReference; lastKnownFileType = sourcecode.swift; path = HorizontallyAlignedLabelStyle.swift; sourceTree = "<group>"; };
		B2C568192B8072720048FFF1 /* WelcomeMessageView.swift */ = {isa = PBXFileReference; lastKnownFileType = sourcecode.swift; path = WelcomeMessageView.swift; sourceTree = "<group>"; };
		B2C5681B2B8072990048FFF1 /* WelcomeBackgroundImage.swift */ = {isa = PBXFileReference; lastKnownFileType = sourcecode.swift; path = WelcomeBackgroundImage.swift; sourceTree = "<group>"; };
		B2C5681D2B8072B60048FFF1 /* LogoImage.swift */ = {isa = PBXFileReference; lastKnownFileType = sourcecode.swift; path = LogoImage.swift; sourceTree = "<group>"; };
		B2C5681F2B8072CF0048FFF1 /* BorderedViewModifier.swift */ = {isa = PBXFileReference; lastKnownFileType = sourcecode.swift; path = BorderedViewModifier.swift; sourceTree = "<group>"; };
		B2C568212B80731C0048FFF1 /* HomeView.swift */ = {isa = PBXFileReference; lastKnownFileType = sourcecode.swift; path = HomeView.swift; sourceTree = "<group>"; };
		B2C568232B8076070048FFF1 /* DashboardView.swift */ = {isa = PBXFileReference; lastKnownFileType = sourcecode.swift; path = DashboardView.swift; sourceTree = "<group>"; };
/* End PBXFileReference section */

/* Begin PBXFrameworksBuildPhase section */
		B2B148132B806E9A00682783 /* Frameworks */ = {
			isa = PBXFrameworksBuildPhase;
			buildActionMask = 2147483647;
			files = (
			);
			runOnlyForDeploymentPostprocessing = 0;
		};
/* End PBXFrameworksBuildPhase section */

/* Begin PBXGroup section */
		B2B1480D2B806E9A00682783 = {
			isa = PBXGroup;
			children = (
				B2B148182B806E9A00682783 /* Kuchi */,
				B2B148172B806E9A00682783 /* Products */,
			);
			sourceTree = "<group>";
		};
		B2B148172B806E9A00682783 /* Products */ = {
			isa = PBXGroup;
			children = (
				B2B148162B806E9A00682783 /* Kuchi.app */,
			);
			name = Products;
			sourceTree = "<group>";
		};
		B2B148182B806E9A00682783 /* Kuchi */ = {
			isa = PBXGroup;
			children = (
				B2C5680F2B80718E0048FFF1 /* Welcome */,
				B2B148272B806F3C00682783 /* Profile */,
				B2B148192B806E9A00682783 /* KuchiApp.swift */,
				B2C568212B80731C0048FFF1 /* HomeView.swift */,
				B2B1481D2B806E9D00682783 /* Assets.xcassets */,
				B2B1481F2B806E9D00682783 /* Preview Content */,
			);
			path = Kuchi;
			sourceTree = "<group>";
		};
		B2B1481F2B806E9D00682783 /* Preview Content */ = {
			isa = PBXGroup;
			children = (
				B2B148202B806E9D00682783 /* Preview Assets.xcassets */,
			);
			path = "Preview Content";
			sourceTree = "<group>";
		};
		B2B148272B806F3C00682783 /* Profile */ = {
			isa = PBXGroup;
			children = (
				B2B148282B806FF400682783 /* UserManager.swift */,
				B2B1482A2B80701100682783 /* Profile.swift */,
				B2B1482C2B80702A00682783 /* Settings.swift */,
			);
			path = Profile;
			sourceTree = "<group>";
		};
		B2C5680F2B80718E0048FFF1 /* Welcome */ = {
			isa = PBXGroup;
			children = (
				B2C568102B8071980048FFF1 /* Components */,
				B2C568132B8071FB0048FFF1 /* RegisterView.swift */,
				B2C568152B8072230048FFF1 /* WelcomeView.swift */,
				B2C568172B80724D0048FFF1 /* HorizontallyAlignedLabelStyle.swift */,
				B2C568232B8076070048FFF1 /* DashboardView.swift */,
			);
			path = Welcome;
			sourceTree = "<group>";
		};
		B2C568102B8071980048FFF1 /* Components */ = {
			isa = PBXGroup;
			children = (
				B2C568192B8072720048FFF1 /* WelcomeMessageView.swift */,
				B2C5681B2B8072990048FFF1 /* WelcomeBackgroundImage.swift */,
				B2C5681D2B8072B60048FFF1 /* LogoImage.swift */,
				B2C5681F2B8072CF0048FFF1 /* BorderedViewModifier.swift */,
			);
			path = Components;
			sourceTree = "<group>";
		};
/* End PBXGroup section */

/* Begin PBXNativeTarget section */
		B2B148152B806E9A00682783 /* Kuchi */ = {
			isa = PBXNativeTarget;
			buildConfigurationList = B2B148242B806E9D00682783 /* Build configuration list for PBXNativeTarget "Kuchi" */;
			buildPhases = (
				B2B148122B806E9A00682783 /* Sources */,
				B2B148132B806E9A00682783 /* Frameworks */,
				B2B148142B806E9A00682783 /* Resources */,
			);
			buildRules = (
			);
			dependencies = (
			);
			name = Kuchi;
			productName = Kuchi;
			productReference = B2B148162B806E9A00682783 /* Kuchi.app */;
			productType = "com.apple.product-type.application";
		};
/* End PBXNativeTarget section */

/* Begin PBXProject section */
		B2B1480E2B806E9A00682783 /* Project object */ = {
			isa = PBXProject;
			attributes = {
				BuildIndependentTargetsInParallel = 1;
				LastSwiftUpdateCheck = 1400;
				LastUpgradeCheck = 1400;
				TargetAttributes = {
					B2B148152B806E9A00682783 = {
						CreatedOnToolsVersion = 14.0.1;
					};
				};
			};
			buildConfigurationList = B2B148112B806E9A00682783 /* Build configuration list for PBXProject "Kuchi" */;
			compatibilityVersion = "Xcode 14.0";
			developmentRegion = en;
			hasScannedForEncodings = 0;
			knownRegions = (
				en,
				Base,
			);
			mainGroup = B2B1480D2B806E9A00682783;
			productRefGroup = B2B148172B806E9A00682783 /* Products */;
			projectDirPath = "";
			projectRoot = "";
			targets = (
				B2B148152B806E9A00682783 /* Kuchi */,
			);
		};
/* End PBXProject section */

/* Begin PBXResourcesBuildPhase section */
		B2B148142B806E9A00682783 /* Resources */ = {
			isa = PBXResourcesBuildPhase;
			buildActionMask = 2147483647;
			files = (
				B2B148212B806E9D00682783 /* Preview Assets.xcassets in Resources */,
				B2B1481E2B806E9D00682783 /* Assets.xcassets in Resources */,
			);
			runOnlyForDeploymentPostprocessing = 0;
		};
/* End PBXResourcesBuildPhase section */

/* Begin PBXSourcesBuildPhase section */
		B2B148122B806E9A00682783 /* Sources */ = {
			isa = PBXSourcesBuildPhase;
			buildActionMask = 2147483647;
			files = (
				B2C5681E2B8072B60048FFF1 /* LogoImage.swift in Sources */,
				B2C5681C2B8072990048FFF1 /* WelcomeBackgroundImage.swift in Sources */,
				B2C568222B80731C0048FFF1 /* HomeView.swift in Sources */,
				B2C568202B8072CF0048FFF1 /* BorderedViewModifier.swift in Sources */,
				B2B148292B806FF400682783 /* UserManager.swift in Sources */,
				B2C5681A2B8072720048FFF1 /* WelcomeMessageView.swift in Sources */,
				B2B1482B2B80701100682783 /* Profile.swift in Sources */,
				B2C568182B80724D0048FFF1 /* HorizontallyAlignedLabelStyle.swift in Sources */,
				B2C568142B8071FB0048FFF1 /* RegisterView.swift in Sources */,
				B2B1481A2B806E9A00682783 /* KuchiApp.swift in Sources */,
				B2B1482D2B80702A00682783 /* Settings.swift in Sources */,
				B2C568242B8076070048FFF1 /* DashboardView.swift in Sources */,
				B2C568162B8072230048FFF1 /* WelcomeView.swift in Sources */,
			);
			runOnlyForDeploymentPostprocessing = 0;
		};
/* End PBXSourcesBuildPhase section */

/* Begin XCBuildConfiguration section */
		B2B148222B806E9D00682783 /* Debug */ = {
			isa = XCBuildConfiguration;
			buildSettings = {
				ALWAYS_SEARCH_USER_PATHS = NO;
				CLANG_ANALYZER_NONNULL = YES;
				CLANG_ANALYZER_NUMBER_OBJECT_CONVERSION = YES_AGGRESSIVE;
				CLANG_CXX_LANGUAGE_STANDARD = "gnu++20";
				CLANG_ENABLE_MODULES = YES;
				CLANG_ENABLE_OBJC_ARC = YES;
				CLANG_ENABLE_OBJC_WEAK = YES;
				CLANG_WARN_BLOCK_CAPTURE_AUTORELEASING = YES;
				CLANG_WARN_BOOL_CONVERSION = YES;
				CLANG_WARN_COMMA = YES;
				CLANG_WARN_CONSTANT_CONVERSION = YES;
				CLANG_WARN_DEPRECATED_OBJC_IMPLEMENTATIONS = YES;
				CLANG_WARN_DIRECT_OBJC_ISA_USAGE = YES_ERROR;
				CLANG_WARN_DOCUMENTATION_COMMENTS = YES;
				CLANG_WARN_EMPTY_BODY = YES;
				CLANG_WARN_ENUM_CONVERSION = YES;
				CLANG_WARN_INFINITE_RECURSION = YES;
				CLANG_WARN_INT_CONVERSION = YES;
				CLANG_WARN_NON_LITERAL_NULL_CONVERSION = YES;
				CLANG_WARN_OBJC_IMPLICIT_RETAIN_SELF = YES;
				CLANG_WARN_OBJC_LITERAL_CONVERSION = YES;
				CLANG_WARN_OBJC_ROOT_CLASS = YES_ERROR;
				CLANG_WARN_QUOTED_INCLUDE_IN_FRAMEWORK_HEADER = YES;
				CLANG_WARN_RANGE_LOOP_ANALYSIS = YES;
				CLANG_WARN_STRICT_PROTOTYPES = YES;
				CLANG_WARN_SUSPICIOUS_MOVE = YES;
				CLANG_WARN_UNGUARDED_AVAILABILITY = YES_AGGRESSIVE;
				CLANG_WARN_UNREACHABLE_CODE = YES;
				CLANG_WARN__DUPLICATE_METHOD_MATCH = YES;
				COPY_PHASE_STRIP = NO;
				DEBUG_INFORMATION_FORMAT = dwarf;
				ENABLE_STRICT_OBJC_MSGSEND = YES;
				ENABLE_TESTABILITY = YES;
				GCC_C_LANGUAGE_STANDARD = gnu11;
				GCC_DYNAMIC_NO_PIC = NO;
				GCC_NO_COMMON_BLOCKS = YES;
				GCC_OPTIMIZATION_LEVEL = 0;
				GCC_PREPROCESSOR_DEFINITIONS = (
					"DEBUG=1",
					"$(inherited)",
				);
				GCC_WARN_64_TO_32_BIT_CONVERSION = YES;
				GCC_WARN_ABOUT_RETURN_TYPE = YES_ERROR;
				GCC_WARN_UNDECLARED_SELECTOR = YES;
				GCC_WARN_UNINITIALIZED_AUTOS = YES_AGGRESSIVE;
				GCC_WARN_UNUSED_FUNCTION = YES;
				GCC_WARN_UNUSED_VARIABLE = YES;
				IPHONEOS_DEPLOYMENT_TARGET = 16.0;
				MTL_ENABLE_DEBUG_INFO = INCLUDE_SOURCE;
				MTL_FAST_MATH = YES;
				ONLY_ACTIVE_ARCH = YES;
				SDKROOT = iphoneos;
				SWIFT_ACTIVE_COMPILATION_CONDITIONS = DEBUG;
				SWIFT_OPTIMIZATION_LEVEL = "-Onone";
			};
			name = Debug;
		};
		B2B148232B806E9D00682783 /* Release */ = {
			isa = XCBuildConfiguration;
			buildSettings = {
				ALWAYS_SEARCH_USER_PATHS = NO;
				CLANG_ANALYZER_NONNULL = YES;
				CLANG_ANALYZER_NUMBER_OBJECT_CONVERSION = YES_AGGRESSIVE;
				CLANG_CXX_LANGUAGE_STANDARD = "gnu++20";
				CLANG_ENABLE_MODULES = YES;
				CLANG_ENABLE_OBJC_ARC = YES;
				CLANG_ENABLE_OBJC_WEAK = YES;
				CLANG_WARN_BLOCK_CAPTURE_AUTORELEASING = YES;
				CLANG_WARN_BOOL_CONVERSION = YES;
				CLANG_WARN_COMMA = YES;
				CLANG_WARN_CONSTANT_CONVERSION = YES;
				CLANG_WARN_DEPRECATED_OBJC_IMPLEMENTATIONS = YES;
				CLANG_WARN_DIRECT_OBJC_ISA_USAGE = YES_ERROR;
				CLANG_WARN_DOCUMENTATION_COMMENTS = YES;
				CLANG_WARN_EMPTY_BODY = YES;
				CLANG_WARN_ENUM_CONVERSION = YES;
				CLANG_WARN_INFINITE_RECURSION = YES;
				CLANG_WARN_INT_CONVERSION = YES;
				CLANG_WARN_NON_LITERAL_NULL_CONVERSION = YES;
				CLANG_WARN_OBJC_IMPLICIT_RETAIN_SELF = YES;
				CLANG_WARN_OBJC_LITERAL_CONVERSION = YES;
				CLANG_WARN_OBJC_ROOT_CLASS = YES_ERROR;
				CLANG_WARN_QUOTED_INCLUDE_IN_FRAMEWORK_HEADER = YES;
				CLANG_WARN_RANGE_LOOP_ANALYSIS = YES;
				CLANG_WARN_STRICT_PROTOTYPES = YES;
				CLANG_WARN_SUSPICIOUS_MOVE = YES;
				CLANG_WARN_UNGUARDED_AVAILABILITY = YES_AGGRESSIVE;
				CLANG_WARN_UNREACHABLE_CODE = YES;
				CLANG_WARN__DUPLICATE_METHOD_MATCH = YES;
				COPY_PHASE_STRIP = NO;
				DEBUG_INFORMATION_FORMAT = "dwarf-with-dsym";
				ENABLE_NS_ASSERTIONS = NO;
				ENABLE_STRICT_OBJC_MSGSEND = YES;
				GCC_C_LANGUAGE_STANDARD = gnu11;
				GCC_NO_COMMON_BLOCKS = YES;
				GCC_WARN_64_TO_32_BIT_CONVERSION = YES;
				GCC_WARN_ABOUT_RETURN_TYPE = YES_ERROR;
				GCC_WARN_UNDECLARED_SELECTOR = YES;
				GCC_WARN_UNINITIALIZED_AUTOS = YES_AGGRESSIVE;
				GCC_WARN_UNUSED_FUNCTION = YES;
				GCC_WARN_UNUSED_VARIABLE = YES;
				IPHONEOS_DEPLOYMENT_TARGET = 16.0;
				MTL_ENABLE_DEBUG_INFO = NO;
				MTL_FAST_MATH = YES;
				SDKROOT = iphoneos;
				SWIFT_COMPILATION_MODE = wholemodule;
				SWIFT_OPTIMIZATION_LEVEL = "-O";
				VALIDATE_PRODUCT = YES;
			};
			name = Release;
		};
		B2B148252B806E9D00682783 /* Debug */ = {
			isa = XCBuildConfiguration;
			buildSettings = {
				ASSETCATALOG_COMPILER_APPICON_NAME = AppIcon;
				ASSETCATALOG_COMPILER_GLOBAL_ACCENT_COLOR_NAME = AccentColor;
				CODE_SIGN_STYLE = Automatic;
				CURRENT_PROJECT_VERSION = 1;
				DEVELOPMENT_ASSET_PATHS = "\"Kuchi/Preview Content\"";
				ENABLE_PREVIEWS = YES;
				GENERATE_INFOPLIST_FILE = YES;
				INFOPLIST_KEY_UIApplicationSceneManifest_Generation = YES;
				INFOPLIST_KEY_UIApplicationSupportsIndirectInputEvents = YES;
				INFOPLIST_KEY_UILaunchScreen_Generation = YES;
				INFOPLIST_KEY_UISupportedInterfaceOrientations_iPad = "UIInterfaceOrientationPortrait UIInterfaceOrientationPortraitUpsideDown UIInterfaceOrientationLandscapeLeft UIInterfaceOrientationLandscapeRight";
				INFOPLIST_KEY_UISupportedInterfaceOrientations_iPhone = "UIInterfaceOrientationPortrait UIInterfaceOrientationLandscapeLeft UIInterfaceOrientationLandscapeRight";
				LD_RUNPATH_SEARCH_PATHS = (
					"$(inherited)",
					"@executable_path/Frameworks",
				);
				MARKETING_VERSION = 1.0;
				PRODUCT_BUNDLE_IDENTIFIER = susantlalshrestha.Kuchi;
				PRODUCT_NAME = "$(TARGET_NAME)";
				SWIFT_EMIT_LOC_STRINGS = YES;
				SWIFT_VERSION = 5.0;
				TARGETED_DEVICE_FAMILY = "1,2";
			};
			name = Debug;
		};
		B2B148262B806E9D00682783 /* Release */ = {
			isa = XCBuildConfiguration;
			buildSettings = {
				ASSETCATALOG_COMPILER_APPICON_NAME = AppIcon;
				ASSETCATALOG_COMPILER_GLOBAL_ACCENT_COLOR_NAME = AccentColor;
				CODE_SIGN_STYLE = Automatic;
				CURRENT_PROJECT_VERSION = 1;
				DEVELOPMENT_ASSET_PATHS = "\"Kuchi/Preview Content\"";
				ENABLE_PREVIEWS = YES;
				GENERATE_INFOPLIST_FILE = YES;
				INFOPLIST_KEY_UIApplicationSceneManifest_Generation = YES;
				INFOPLIST_KEY_UIApplicationSupportsIndirectInputEvents = YES;
				INFOPLIST_KEY_UILaunchScreen_Generation = YES;
				INFOPLIST_KEY_UISupportedInterfaceOrientations_iPad = "UIInterfaceOrientationPortrait UIInterfaceOrientationPortraitUpsideDown UIInterfaceOrientationLandscapeLeft UIInterfaceOrientationLandscapeRight";
				INFOPLIST_KEY_UISupportedInterfaceOrientations_iPhone = "UIInterfaceOrientationPortrait UIInterfaceOrientationLandscapeLeft UIInterfaceOrientationLandscapeRight";
				LD_RUNPATH_SEARCH_PATHS = (
					"$(inherited)",
					"@executable_path/Frameworks",
				);
				MARKETING_VERSION = 1.0;
				PRODUCT_BUNDLE_IDENTIFIER = susantlalshrestha.Kuchi;
				PRODUCT_NAME = "$(TARGET_NAME)";
				SWIFT_EMIT_LOC_STRINGS = YES;
				SWIFT_VERSION = 5.0;
				TARGETED_DEVICE_FAMILY = "1,2";
			};
			name = Release;
		};
/* End XCBuildConfiguration section */

/* Begin XCConfigurationList section */
		B2B148112B806E9A00682783 /* Build configuration list for PBXProject "Kuchi" */ = {
			isa = XCConfigurationList;
			buildConfigurations = (
				B2B148222B806E9D00682783 /* Debug */,
				B2B148232B806E9D00682783 /* Release */,
			);
			defaultConfigurationIsVisible = 0;
			defaultConfigurationName = Release;
		};
		B2B148242B806E9D00682783 /* Build configuration list for PBXNativeTarget "Kuchi" */ = {
			isa = XCConfigurationList;
			buildConfigurations = (
				B2B148252B806E9D00682783 /* Debug */,
				B2B148262B806E9D00682783 /* Release */,
			);
			defaultConfigurationIsVisible = 0;
			defaultConfigurationName = Release;
		};
/* End XCConfigurationList section */
	};
	rootObject = B2B1480E2B806E9A00682783 /* Project object */;
}
